<Solution>
  <Project Path="ExpressionBodiedMethodDemo/ExpressionBodiedMethodDemo.csproj" />
  <Project Path="PatternMatch/PatternMatch.csproj" />
  <Project Path="RecordDemo/RecordDemo.csproj" />
  <Project Path="Thread2/Thread2.csproj" Id="adf8bc5d-5cd8-4ead-a469-0767f92fa15c" />
  <Project Path="ThreadDemo/ThreadDemo.csproj" Id="ecb5599e-589c-4d65-9416-c4c95589b10e" />
  <Project Path="Thread_Join/Thread_Join.csproj" Id="81f016e1-a868-4b07-9cf5-42e521ce5cc2" />
  <Project Path="tupplesDemo/tupplesDemo.csproj" />
  <Project Path="WinFormsApp1/WinFormsApp1.csproj" Id="612e8eb8-a4f2-4408-b7e5-5cf7b9f8ec84" />
</Solution>
