<Solution>
  <Project Path="garbagecollectordemo/garbagecollectordemo.csproj" Id="13cdfaf1-91b4-46f4-849a-b990cc22ec90" />
  <Project Path="indexr/indexr.csproj" Id="e5b0241b-b4ed-46a3-a546-86fc82eea7eb" />
  <Project Path="isasdemo/isasdemo.csproj" Id="4a360c8b-0c68-4a72-bebb-74cbdec06814" />
  <Project Path="nongenericarraylistdemo/nongenericarraylistdemo.csproj" Id="414c6071-9fe3-4439-bc3e-697fc305b21c" />
  <Project Path="nongeneric_hashtable/nongeneric_hashtable.csproj" Id="f3b408e9-c7b4-47c2-a7ee-022a150076ae" />
  <Project Path="NONGENERIC_sortedlist/NONGENERIC_sortedlist.csproj" Id="07437fd2-83db-4efb-86c1-178e683366f4" />
  <Project Path="params_demo/params_demo.csproj" />
  <Project Path="partialclassdemo/partialclassdemo.csproj" Id="6e61d6f1-e248-47a6-bb34-96218a181495" />
  <Project Path="tryparasdemo/tryparasdemo.csproj" Id="38a2d64e-090d-4b73-b918-fc8455e796b6" />
</Solution>
